
Microsoft Visual Studio Solution File, Format Version 12.00
# Visual Studio Version 16
VisualStudioVersion = 16.0.32428.217
MinimumVisualStudioVersion = 10.0.40219.1
Project("{FAE04EC0-301F-11D3-BF4B-00C04F79EFBC}") = "Console_Game", "Console_Game.csproj", "{23517495-5B30-4BB1-BE5B-1B02635EA8B1}"
EndProject
Global
	GlobalSection(SolutionConfigurationPlatforms) = preSolution
		Debug|Any CPU = Debug|Any CPU
		Release|Any CPU = Release|Any CPU
	EndGlobalSection
	GlobalSection(ProjectConfigurationPlatforms) = postSolution
		{23517495-5B30-4BB1-BE5B-1B02635EA8B1}.Debug|Any CPU.ActiveCfg = Debug|Any CPU
		{23517495-5B30-4BB1-BE5B-1B02635EA8B1}.Debug|Any CPU.Build.0 = Debug|Any CPU
		{23517495-5B30-4BB1-BE5B-1B02635EA8B1}.Release|Any CPU.ActiveCfg = Release|Any CPU
		{23517495-5B30-4BB1-BE5B-1B02635EA8B1}.Release|Any CPU.Build.0 = Release|Any CPU
	EndGlobalSection
	GlobalSection(SolutionProperties) = preSolution
		HideSolutionNode = FALSE
	EndGlobalSection
	GlobalSection(ExtensibilityGlobals) = postSolution
		SolutionGuid = {543B36EE-19D0-4968-A6A0-5FE05A984823}
	EndGlobalSection
EndGlobal
